// !$*UTF8*$!
{
	archiveVersion = 1;
	classes = {
	};
	objectVersion = 56;
	objects = {

/* Begin PBXBuildFile section */
		27C716902A18A210001B012B /* AppDelegate.swift in Sources */ = {isa = PBXBuildFile; fileRef = 27C7168F2A18A210001B012B /* AppDelegate.swift */; };
		27C716922A18A210001B012B /* SceneDelegate.swift in Sources */ = {isa = PBXBuildFile; fileRef = 27C716912A18A210001B012B /* SceneDelegate.swift */; };
		27C716942A18A210001B012B /* TabBarController.swift in Sources */ = {isa = PBXBuildFile; fileRef = 27C716932A18A210001B012B /* TabBarController.swift */; };
		27C716992A18A211001B012B /* Assets.xcassets in Resources */ = {isa = PBXBuildFile; fileRef = 27C716982A18A211001B012B /* Assets.xcassets */; };
		27C7169C2A18A211001B012B /* LaunchScreen.storyboard in Resources */ = {isa = PBXBuildFile; fileRef = 27C7169A2A18A211001B012B /* LaunchScreen.storyboard */; };
		27C716AB2A18A6F6001B012B /* Location.swift in Sources */ = {isa = PBXBuildFile; fileRef = 27C716AA2A18A6F6001B012B /* Location.swift */; };
		27C716AD2A18A706001B012B /* Character.swift in Sources */ = {isa = PBXBuildFile; fileRef = 27C716AC2A18A706001B012B /* Character.swift */; };
		27C716AF2A18A712001B012B /* Episodes.swift in Sources */ = {isa = PBXBuildFile; fileRef = 27C716AE2A18A711001B012B /* Episodes.swift */; };
		27C716B22A18A848001B012B /* CharacterViewController.swift in Sources */ = {isa = PBXBuildFile; fileRef = 27C716B12A18A848001B012B /* CharacterViewController.swift */; };
		27C716B42A18A859001B012B /* LocationViewController.swift in Sources */ = {isa = PBXBuildFile; fileRef = 27C716B32A18A859001B012B /* LocationViewController.swift */; };
		27C716B62A18A876001B012B /* EpisodeViewController.swift in Sources */ = {isa = PBXBuildFile; fileRef = 27C716B52A18A876001B012B /* EpisodeViewController.swift */; };
		27C716B82A18A88F001B012B /* SettingsViewController.swift in Sources */ = {isa = PBXBuildFile; fileRef = 27C716B72A18A88F001B012B /* SettingsViewController.swift */; };
/* End PBXBuildFile section */

/* Begin PBXFileReference section */
		27C7168C2A18A210001B012B /* RickAndMorty.app */ = {isa = PBXFileReference; explicitFileType = wrapper.application; includeInIndex = 0; path = RickAndMorty.app; sourceTree = BUILT_PRODUCTS_DIR; };
		27C7168F2A18A210001B012B /* AppDelegate.swift */ = {isa = PBXFileReference; lastKnownFileType = sourcecode.swift; path = AppDelegate.swift; sourceTree = "<group>"; };
		27C716912A18A210001B012B /* SceneDelegate.swift */ = {isa = PBXFileReference; lastKnownFileType = sourcecode.swift; path = SceneDelegate.swift; sourceTree = "<group>"; };
		27C716932A18A210001B012B /* TabBarController.swift */ = {isa = PBXFileReference; lastKnownFileType = sourcecode.swift; path = TabBarController.swift; sourceTree = "<group>"; };
		27C716982A18A211001B012B /* Assets.xcassets */ = {isa = PBXFileReference; lastKnownFileType = folder.assetcatalog; path = Assets.xcassets; sourceTree = "<group>"; };
		27C7169B2A18A211001B012B /* Base */ = {isa = PBXFileReference; lastKnownFileType = file.storyboard; name = Base; path = Base.lproj/LaunchScreen.storyboard; sourceTree = "<group>"; };
		27C7169D2A18A211001B012B /* Info.plist */ = {isa = PBXFileReference; lastKnownFileType = text.plist.xml; path = Info.plist; sourceTree = "<group>"; };
		27C716AA2A18A6F6001B012B /* Location.swift */ = {isa = PBXFileReference; lastKnownFileType = sourcecode.swift; path = Location.swift; sourceTree = "<group>"; };
		27C716AC2A18A706001B012B /* Character.swift */ = {isa = PBXFileReference; lastKnownFileType = sourcecode.swift; path = Character.swift; sourceTree = "<group>"; };
		27C716AE2A18A711001B012B /* Episodes.swift */ = {isa = PBXFileReference; lastKnownFileType = sourcecode.swift; path = Episodes.swift; sourceTree = "<group>"; };
		27C716B12A18A848001B012B /* CharacterViewController.swift */ = {isa = PBXFileReference; lastKnownFileType = sourcecode.swift; path = CharacterViewController.swift; sourceTree = "<group>"; };
		27C716B32A18A859001B012B /* LocationViewController.swift */ = {isa = PBXFileReference; lastKnownFileType = sourcecode.swift; path = LocationViewController.swift; sourceTree = "<group>"; };
		27C716B52A18A876001B012B /* EpisodeViewController.swift */ = {isa = PBXFileReference; lastKnownFileType = sourcecode.swift; path = EpisodeViewController.swift; sourceTree = "<group>"; };
		27C716B72A18A88F001B012B /* SettingsViewController.swift */ = {isa = PBXFileReference; lastKnownFileType = sourcecode.swift; path = SettingsViewController.swift; sourceTree = "<group>"; };
/* End PBXFileReference section */

/* Begin PBXFrameworksBuildPhase section */
		27C716892A18A210001B012B /* Frameworks */ = {
			isa = PBXFrameworksBuildPhase;
			buildActionMask = 2147483647;
			files = (
			);
			runOnlyForDeploymentPostprocessing = 0;
		};
/* End PBXFrameworksBuildPhase section */

/* Begin PBXGroup section */
		27C716832A18A210001B012B = {
			isa = PBXGroup;
			children = (
				27C7168E2A18A210001B012B /* RickAndMorty */,
				27C7168D2A18A210001B012B /* Products */,
			);
			sourceTree = "<group>";
		};
		27C7168D2A18A210001B012B /* Products */ = {
			isa = PBXGroup;
			children = (
				27C7168C2A18A210001B012B /* RickAndMorty.app */,
			);
			name = Products;
			sourceTree = "<group>";
		};
		27C7168E2A18A210001B012B /* RickAndMorty */ = {
			isa = PBXGroup;
			children = (
				27C716A92A18A5C6001B012B /* Resources */,
				27C716A82A18A5BD001B012B /* Managers */,
				27C716A72A18A5AC001B012B /* APIClient */,
				27C716A62A18A5A3001B012B /* ViewModels */,
				27C716A52A18A59A001B012B /* Views */,
				27C716A42A18A58F001B012B /* Contollers */,
				27C716A32A18A586001B012B /* Models */,
				27C7169D2A18A211001B012B /* Info.plist */,
			);
			path = RickAndMorty;
			sourceTree = "<group>";
		};
		27C716A32A18A586001B012B /* Models */ = {
			isa = PBXGroup;
			children = (
				27C716AA2A18A6F6001B012B /* Location.swift */,
				27C716AC2A18A706001B012B /* Character.swift */,
				27C716AE2A18A711001B012B /* Episodes.swift */,
			);
			path = Models;
			sourceTree = "<group>";
		};
		27C716A42A18A58F001B012B /* Contollers */ = {
			isa = PBXGroup;
			children = (
				27C716B02A18A800001B012B /* core */,
			);
			path = Contollers;
			sourceTree = "<group>";
		};
		27C716A52A18A59A001B012B /* Views */ = {
			isa = PBXGroup;
			children = (
			);
			path = Views;
			sourceTree = "<group>";
		};
		27C716A62A18A5A3001B012B /* ViewModels */ = {
			isa = PBXGroup;
			children = (
			);
			path = ViewModels;
			sourceTree = "<group>";
		};
		27C716A72A18A5AC001B012B /* APIClient */ = {
			isa = PBXGroup;
			children = (
			);
			path = APIClient;
			sourceTree = "<group>";
		};
		27C716A82A18A5BD001B012B /* Managers */ = {
			isa = PBXGroup;
			children = (
			);
			path = Managers;
			sourceTree = "<group>";
		};
		27C716A92A18A5C6001B012B /* Resources */ = {
			isa = PBXGroup;
			children = (
				27C716912A18A210001B012B /* SceneDelegate.swift */,
				27C716982A18A211001B012B /* Assets.xcassets */,
				27C7169A2A18A211001B012B /* LaunchScreen.storyboard */,
				27C7168F2A18A210001B012B /* AppDelegate.swift */,
			);
			path = Resources;
			sourceTree = "<group>";
		};
		27C716B02A18A800001B012B /* core */ = {
			isa = PBXGroup;
			children = (
				27C716932A18A210001B012B /* TabBarController.swift */,
				27C716B12A18A848001B012B /* CharacterViewController.swift */,
				27C716B32A18A859001B012B /* LocationViewController.swift */,
				27C716B52A18A876001B012B /* EpisodeViewController.swift */,
				27C716B72A18A88F001B012B /* SettingsViewController.swift */,
			);
			path = core;
			sourceTree = "<group>";
		};
/* End PBXGroup section */

/* Begin PBXNativeTarget section */
		27C7168B2A18A210001B012B /* RickAndMorty */ = {
			isa = PBXNativeTarget;
			buildConfigurationList = 27C716A02A18A211001B012B /* Build configuration list for PBXNativeTarget "RickAndMorty" */;
			buildPhases = (
				27C716882A18A210001B012B /* Sources */,
				27C716892A18A210001B012B /* Frameworks */,
				27C7168A2A18A210001B012B /* Resources */,
			);
			buildRules = (
			);
			dependencies = (
			);
			name = RickAndMorty;
			productName = RickAndMorty;
			productReference = 27C7168C2A18A210001B012B /* RickAndMorty.app */;
			productType = "com.apple.product-type.application";
		};
/* End PBXNativeTarget section */

/* Begin PBXProject section */
		27C716842A18A210001B012B /* Project object */ = {
			isa = PBXProject;
			attributes = {
				BuildIndependentTargetsInParallel = 1;
				LastSwiftUpdateCheck = 1400;
				LastUpgradeCheck = 1400;
				TargetAttributes = {
					27C7168B2A18A210001B012B = {
						CreatedOnToolsVersion = 14.0.1;
					};
				};
			};
			buildConfigurationList = 27C716872A18A210001B012B /* Build configuration list for PBXProject "RickAndMorty" */;
			compatibilityVersion = "Xcode 14.0";
			developmentRegion = en;
			hasScannedForEncodings = 0;
			knownRegions = (
				en,
				Base,
			);
			mainGroup = 27C716832A18A210001B012B;
			productRefGroup = 27C7168D2A18A210001B012B /* Products */;
			projectDirPath = "";
			projectRoot = "";
			targets = (
				27C7168B2A18A210001B012B /* RickAndMorty */,
			);
		};
/* End PBXProject section */

/* Begin PBXResourcesBuildPhase section */
		27C7168A2A18A210001B012B /* Resources */ = {
			isa = PBXResourcesBuildPhase;
			buildActionMask = 2147483647;
			files = (
				27C7169C2A18A211001B012B /* LaunchScreen.storyboard in Resources */,
				27C716992A18A211001B012B /* Assets.xcassets in Resources */,
			);
			runOnlyForDeploymentPostprocessing = 0;
		};
/* End PBXResourcesBuildPhase section */

/* Begin PBXSourcesBuildPhase section */
		27C716882A18A210001B012B /* Sources */ = {
			isa = PBXSourcesBuildPhase;
			buildActionMask = 2147483647;
			files = (
				27C716942A18A210001B012B /* TabBarController.swift in Sources */,
				27C716B62A18A876001B012B /* EpisodeViewController.swift in Sources */,
				27C716902A18A210001B012B /* AppDelegate.swift in Sources */,
				27C716B82A18A88F001B012B /* SettingsViewController.swift in Sources */,
				27C716B22A18A848001B012B /* CharacterViewController.swift in Sources */,
				27C716AD2A18A706001B012B /* Character.swift in Sources */,
				27C716AF2A18A712001B012B /* Episodes.swift in Sources */,
				27C716AB2A18A6F6001B012B /* Location.swift in Sources */,
				27C716922A18A210001B012B /* SceneDelegate.swift in Sources */,
				27C716B42A18A859001B012B /* LocationViewController.swift in Sources */,
			);
			runOnlyForDeploymentPostprocessing = 0;
		};
/* End PBXSourcesBuildPhase section */

/* Begin PBXVariantGroup section */
		27C7169A2A18A211001B012B /* LaunchScreen.storyboard */ = {
			isa = PBXVariantGroup;
			children = (
				27C7169B2A18A211001B012B /* Base */,
			);
			name = LaunchScreen.storyboard;
			sourceTree = "<group>";
		};
/* End PBXVariantGroup section */

/* Begin XCBuildConfiguration section */
		27C7169E2A18A211001B012B /* Debug */ = {
			isa = XCBuildConfiguration;
			buildSettings = {
				ALWAYS_SEARCH_USER_PATHS = NO;
				CLANG_ANALYZER_NONNULL = YES;
				CLANG_ANALYZER_NUMBER_OBJECT_CONVERSION = YES_AGGRESSIVE;
				CLANG_CXX_LANGUAGE_STANDARD = "gnu++20";
				CLANG_ENABLE_MODULES = YES;
				CLANG_ENABLE_OBJC_ARC = YES;
				CLANG_ENABLE_OBJC_WEAK = YES;
				CLANG_WARN_BLOCK_CAPTURE_AUTORELEASING = YES;
				CLANG_WARN_BOOL_CONVERSION = YES;
				CLANG_WARN_COMMA = YES;
				CLANG_WARN_CONSTANT_CONVERSION = YES;
				CLANG_WARN_DEPRECATED_OBJC_IMPLEMENTATIONS = YES;
				CLANG_WARN_DIRECT_OBJC_ISA_USAGE = YES_ERROR;
				CLANG_WARN_DOCUMENTATION_COMMENTS = YES;
				CLANG_WARN_EMPTY_BODY = YES;
				CLANG_WARN_ENUM_CONVERSION = YES;
				CLANG_WARN_INFINITE_RECURSION = YES;
				CLANG_WARN_INT_CONVERSION = YES;
				CLANG_WARN_NON_LITERAL_NULL_CONVERSION = YES;
				CLANG_WARN_OBJC_IMPLICIT_RETAIN_SELF = YES;
				CLANG_WARN_OBJC_LITERAL_CONVERSION = YES;
				CLANG_WARN_OBJC_ROOT_CLASS = YES_ERROR;
				CLANG_WARN_QUOTED_INCLUDE_IN_FRAMEWORK_HEADER = YES;
				CLANG_WARN_RANGE_LOOP_ANALYSIS = YES;
				CLANG_WARN_STRICT_PROTOTYPES = YES;
				CLANG_WARN_SUSPICIOUS_MOVE = YES;
				CLANG_WARN_UNGUARDED_AVAILABILITY = YES_AGGRESSIVE;
				CLANG_WARN_UNREACHABLE_CODE = YES;
				CLANG_WARN__DUPLICATE_METHOD_MATCH = YES;
				COPY_PHASE_STRIP = NO;
				DEBUG_INFORMATION_FORMAT = dwarf;
				ENABLE_STRICT_OBJC_MSGSEND = YES;
				ENABLE_TESTABILITY = YES;
				GCC_C_LANGUAGE_STANDARD = gnu11;
				GCC_DYNAMIC_NO_PIC = NO;
				GCC_NO_COMMON_BLOCKS = YES;
				GCC_OPTIMIZATION_LEVEL = 0;
				GCC_PREPROCESSOR_DEFINITIONS = (
					"DEBUG=1",
					"$(inherited)",
				);
				GCC_WARN_64_TO_32_BIT_CONVERSION = YES;
				GCC_WARN_ABOUT_RETURN_TYPE = YES_ERROR;
				GCC_WARN_UNDECLARED_SELECTOR = YES;
				GCC_WARN_UNINITIALIZED_AUTOS = YES_AGGRESSIVE;
				GCC_WARN_UNUSED_FUNCTION = YES;
				GCC_WARN_UNUSED_VARIABLE = YES;
				IPHONEOS_DEPLOYMENT_TARGET = 16.0;
				MTL_ENABLE_DEBUG_INFO = INCLUDE_SOURCE;
				MTL_FAST_MATH = YES;
				ONLY_ACTIVE_ARCH = YES;
				SDKROOT = iphoneos;
				SWIFT_ACTIVE_COMPILATION_CONDITIONS = DEBUG;
				SWIFT_OPTIMIZATION_LEVEL = "-Onone";
			};
			name = Debug;
		};
		27C7169F2A18A211001B012B /* Release */ = {
			isa = XCBuildConfiguration;
			buildSettings = {
				ALWAYS_SEARCH_USER_PATHS = NO;
				CLANG_ANALYZER_NONNULL = YES;
				CLANG_ANALYZER_NUMBER_OBJECT_CONVERSION = YES_AGGRESSIVE;
				CLANG_CXX_LANGUAGE_STANDARD = "gnu++20";
				CLANG_ENABLE_MODULES = YES;
				CLANG_ENABLE_OBJC_ARC = YES;
				CLANG_ENABLE_OBJC_WEAK = YES;
				CLANG_WARN_BLOCK_CAPTURE_AUTORELEASING = YES;
				CLANG_WARN_BOOL_CONVERSION = YES;
				CLANG_WARN_COMMA = YES;
				CLANG_WARN_CONSTANT_CONVERSION = YES;
				CLANG_WARN_DEPRECATED_OBJC_IMPLEMENTATIONS = YES;
				CLANG_WARN_DIRECT_OBJC_ISA_USAGE = YES_ERROR;
				CLANG_WARN_DOCUMENTATION_COMMENTS = YES;
				CLANG_WARN_EMPTY_BODY = YES;
				CLANG_WARN_ENUM_CONVERSION = YES;
				CLANG_WARN_INFINITE_RECURSION = YES;
				CLANG_WARN_INT_CONVERSION = YES;
				CLANG_WARN_NON_LITERAL_NULL_CONVERSION = YES;
				CLANG_WARN_OBJC_IMPLICIT_RETAIN_SELF = YES;
				CLANG_WARN_OBJC_LITERAL_CONVERSION = YES;
				CLANG_WARN_OBJC_ROOT_CLASS = YES_ERROR;
				CLANG_WARN_QUOTED_INCLUDE_IN_FRAMEWORK_HEADER = YES;
				CLANG_WARN_RANGE_LOOP_ANALYSIS = YES;
				CLANG_WARN_STRICT_PROTOTYPES = YES;
				CLANG_WARN_SUSPICIOUS_MOVE = YES;
				CLANG_WARN_UNGUARDED_AVAILABILITY = YES_AGGRESSIVE;
				CLANG_WARN_UNREACHABLE_CODE = YES;
				CLANG_WARN__DUPLICATE_METHOD_MATCH = YES;
				COPY_PHASE_STRIP = NO;
				DEBUG_INFORMATION_FORMAT = "dwarf-with-dsym";
				ENABLE_NS_ASSERTIONS = NO;
				ENABLE_STRICT_OBJC_MSGSEND = YES;
				GCC_C_LANGUAGE_STANDARD = gnu11;
				GCC_NO_COMMON_BLOCKS = YES;
				GCC_WARN_64_TO_32_BIT_CONVERSION = YES;
				GCC_WARN_ABOUT_RETURN_TYPE = YES_ERROR;
				GCC_WARN_UNDECLARED_SELECTOR = YES;
				GCC_WARN_UNINITIALIZED_AUTOS = YES_AGGRESSIVE;
				GCC_WARN_UNUSED_FUNCTION = YES;
				GCC_WARN_UNUSED_VARIABLE = YES;
				IPHONEOS_DEPLOYMENT_TARGET = 16.0;
				MTL_ENABLE_DEBUG_INFO = NO;
				MTL_FAST_MATH = YES;
				SDKROOT = iphoneos;
				SWIFT_COMPILATION_MODE = wholemodule;
				SWIFT_OPTIMIZATION_LEVEL = "-O";
				VALIDATE_PRODUCT = YES;
			};
			name = Release;
		};
		27C716A12A18A211001B012B /* Debug */ = {
			isa = XCBuildConfiguration;
			buildSettings = {
				ASSETCATALOG_COMPILER_APPICON_NAME = AppIcon;
				ASSETCATALOG_COMPILER_GLOBAL_ACCENT_COLOR_NAME = AccentColor;
				CODE_SIGN_STYLE = Automatic;
				CURRENT_PROJECT_VERSION = 1;
				DEVELOPMENT_TEAM = UMT9P2TY7F;
				GENERATE_INFOPLIST_FILE = YES;
				INFOPLIST_FILE = RickAndMorty/Info.plist;
				INFOPLIST_KEY_UIApplicationSupportsIndirectInputEvents = YES;
				INFOPLIST_KEY_UILaunchStoryboardName = LaunchScreen;
				INFOPLIST_KEY_UISupportedInterfaceOrientations_iPad = "UIInterfaceOrientationPortrait UIInterfaceOrientationPortraitUpsideDown UIInterfaceOrientationLandscapeLeft UIInterfaceOrientationLandscapeRight";
				INFOPLIST_KEY_UISupportedInterfaceOrientations_iPhone = "UIInterfaceOrientationPortrait UIInterfaceOrientationLandscapeLeft UIInterfaceOrientationLandscapeRight";
				LD_RUNPATH_SEARCH_PATHS = (
					"$(inherited)",
					"@executable_path/Frameworks",
				);
				MARKETING_VERSION = 1.0;
				PRODUCT_BUNDLE_IDENTIFIER = tami.RickAndMorty;
				PRODUCT_NAME = "$(TARGET_NAME)";
				SWIFT_EMIT_LOC_STRINGS = YES;
				SWIFT_VERSION = 5.0;
				TARGETED_DEVICE_FAMILY = "1,2";
			};
			name = Debug;
		};
		27C716A22A18A211001B012B /* Release */ = {
			isa = XCBuildConfiguration;
			buildSettings = {
				ASSETCATALOG_COMPILER_APPICON_NAME = AppIcon;
				ASSETCATALOG_COMPILER_GLOBAL_ACCENT_COLOR_NAME = AccentColor;
				CODE_SIGN_STYLE = Automatic;
				CURRENT_PROJECT_VERSION = 1;
				DEVELOPMENT_TEAM = UMT9P2TY7F;
				GENERATE_INFOPLIST_FILE = YES;
				INFOPLIST_FILE = RickAndMorty/Info.plist;
				INFOPLIST_KEY_UIApplicationSupportsIndirectInputEvents = YES;
				INFOPLIST_KEY_UILaunchStoryboardName = LaunchScreen;
				INFOPLIST_KEY_UISupportedInterfaceOrientations_iPad = "UIInterfaceOrientationPortrait UIInterfaceOrientationPortraitUpsideDown UIInterfaceOrientationLandscapeLeft UIInterfaceOrientationLandscapeRight";
				INFOPLIST_KEY_UISupportedInterfaceOrientations_iPhone = "UIInterfaceOrientationPortrait UIInterfaceOrientationLandscapeLeft UIInterfaceOrientationLandscapeRight";
				LD_RUNPATH_SEARCH_PATHS = (
					"$(inherited)",
					"@executable_path/Frameworks",
				);
				MARKETING_VERSION = 1.0;
				PRODUCT_BUNDLE_IDENTIFIER = tami.RickAndMorty;
				PRODUCT_NAME = "$(TARGET_NAME)";
				SWIFT_EMIT_LOC_STRINGS = YES;
				SWIFT_VERSION = 5.0;
				TARGETED_DEVICE_FAMILY = "1,2";
			};
			name = Release;
		};
/* End XCBuildConfiguration section */

/* Begin XCConfigurationList section */
		27C716872A18A210001B012B /* Build configuration list for PBXProject "RickAndMorty" */ = {
			isa = XCConfigurationList;
			buildConfigurations = (
				27C7169E2A18A211001B012B /* Debug */,
				27C7169F2A18A211001B012B /* Release */,
			);
			defaultConfigurationIsVisible = 0;
			defaultConfigurationName = Release;
		};
		27C716A02A18A211001B012B /* Build configuration list for PBXNativeTarget "RickAndMorty" */ = {
			isa = XCConfigurationList;
			buildConfigurations = (
				27C716A12A18A211001B012B /* Debug */,
				27C716A22A18A211001B012B /* Release */,
			);
			defaultConfigurationIsVisible = 0;
			defaultConfigurationName = Release;
		};
/* End XCConfigurationList section */
	};
	rootObject = 27C716842A18A210001B012B /* Project object */;
}
